
Microsoft Visual Studio Solution File, Format Version 12.00
# Visual Studio Version 17
VisualStudioVersion = 17.6.33829.357
MinimumVisualStudioVersion = 10.0.40219.1
Project("{FAE04EC0-301F-11D3-BF4B-00C04F79EFBC}") = "Pozdravlytor", "Pozdravlytor\Pozdravlytor.csproj", "{6B624C5D-D3B6-4B03-A88B-DABB381D1F61}"
EndProject
Global
	GlobalSection(SolutionConfigurationPlatforms) = preSolution
		Debug|Any CPU = Debug|Any CPU
		Release|Any CPU = Release|Any CPU
	EndGlobalSection
	GlobalSection(ProjectConfigurationPlatforms) = postSolution
		{6B624C5D-D3B6-4B03-A88B-DABB381D1F61}.Debug|Any CPU.ActiveCfg = Debug|Any CPU
		{6B624C5D-D3B6-4B03-A88B-DABB381D1F61}.Debug|Any CPU.Build.0 = Debug|Any CPU
		{6B624C5D-D3B6-4B03-A88B-DABB381D1F61}.Release|Any CPU.ActiveCfg = Release|Any CPU
		{6B624C5D-D3B6-4B03-A88B-DABB381D1F61}.Release|Any CPU.Build.0 = Release|Any CPU
	EndGlobalSection
	GlobalSection(SolutionProperties) = preSolution
		HideSolutionNode = FALSE
	EndGlobalSection
	GlobalSection(ExtensibilityGlobals) = postSolution
		SolutionGuid = {F4FD286E-5C5E-450D-BEDF-2C5AEB637C35}
	EndGlobalSection
EndGlobal
